<?xml version="1.0" encoding="utf-8"?>
<Project ToolsVersion="4.0" xmlns="http://schemas.microsoft.com/developer/msbuild/2003">
  <ItemGroup>
    <Filter Include="kernel">
      <UniqueIdentifier>{2b882fc0-66cb-4501-9178-b7655efc1e3d}</UniqueIdentifier>
    </Filter>
    <Filter Include="kernel\net">
      <UniqueIdentifier>{2a8a2fd9-d1d1-4294-8420-bd5e731149a4}</UniqueIdentifier>
    </Filter>
    <Filter Include="kernel\net\lwip">
      <UniqueIdentifier>{515b1835-01dd-4676-8cb9-d325e3907a67}</UniqueIdentifier>
    </Filter>
    <Filter Include="kernel\net\lwip\api">
      <UniqueIdentifier>{fed0b336-a909-4a8a-8de7-06b539d98dfe}</UniqueIdentifier>
    </Filter>
    <Filter Include="kernel\net\lwip\core">
      <UniqueIdentifier>{a9b21447-76a0-4a87-91b2-ba057ac725d1}</UniqueIdentifier>
    </Filter>
    <Filter Include="kernel\net\lwip\core\ipv4">
      <UniqueIdentifier>{1b19f016-c4fa-41d5-b655-950396622370}</UniqueIdentifier>
    </Filter>
    <Filter Include="kernel\net\lwip\core\ipv6">
      <UniqueIdentifier>{7942f7a8-20be-4590-8604-be09c3450d4a}</UniqueIdentifier>
    </Filter>
    <Filter Include="kernel\net\lwip\core\snmp">
      <UniqueIdentifier>{f56be51a-bccc-4e7f-a4c0-bc9aa2da1af8}</UniqueIdentifier>
    </Filter>
    <Filter Include="kernel\net\lwip\netif">
      <UniqueIdentifier>{9aec765b-38b9-49d8-9ba7-8536b77d5147}</UniqueIdentifier>
    </Filter>
    <Filter Include="kernel\net\lwip\netif\ppp">
      <UniqueIdentifier>{7f41c873-cc1c-4915-ab7b-459710e853cc}</UniqueIdentifier>
    </Filter>
    <Filter Include="kernel\net\lwip\ports">
      <UniqueIdentifier>{8c4026e1-9290-4849-80df-306ce3c55b91}</UniqueIdentifier>
    </Filter>
    <Filter Include="kernel\net\lwip\ports\win32">
      <UniqueIdentifier>{2d600b84-6eb9-4854-add4-fba22e487269}</UniqueIdentifier>
    </Filter>
    <Filter Include="kernel\net\lwip\ports\win32\include">
      <UniqueIdentifier>{f25d6a26-4ff7-431c-b1f1-c283668e01e2}</UniqueIdentifier>
    </Filter>
    <Filter Include="kernel\net\lwip\ports\win32\include\arch">
      <UniqueIdentifier>{6854048a-df9b-4a76-a3da-ff246e555229}</UniqueIdentifier>
    </Filter>
    <Filter Include="kernel\net\lwip\include">
      <UniqueIdentifier>{487ff9f1-187a-48fb-87ff-43fb8507212e}</UniqueIdentifier>
    </Filter>
    <Filter Include="kernel\net\lwip\include\netif">
      <UniqueIdentifier>{84ddb66d-1eff-4459-af0d-cd7deda6d35b}</UniqueIdentifier>
    </Filter>
    <Filter Include="kernel\net\lwip\include\lwip">
      <UniqueIdentifier>{e240b7b8-f68f-441d-8fb7-91ee7fbf0c7e}</UniqueIdentifier>
    </Filter>
    <Filter Include="kernel\net\lwip\include\lwip\apps">
      <UniqueIdentifier>{9e8acc04-281e-408d-bbbe-627b678ea46d}</UniqueIdentifier>
    </Filter>
    <Filter Include="kernel\net\lwip\include\lwip\priv">
      <UniqueIdentifier>{732ea560-b74e-4c42-a8fe-58d729a33790}</UniqueIdentifier>
    </Filter>
    <Filter Include="kernel\net\lwip\include\lwip\prot">
      <UniqueIdentifier>{972973d1-7d8e-4f7f-b70a-1e10e515dbdd}</UniqueIdentifier>
    </Filter>
    <Filter Include="kernel\net\lwip\include\netif\ppp">
      <UniqueIdentifier>{c45c57bf-e5ce-4420-b663-3570dbc6ce93}</UniqueIdentifier>
    </Filter>
    <Filter Include="kernel\net\lwip\include\netif\ppp\polarssl">
      <UniqueIdentifier>{7eb5da81-9e81-41d1-95e6-f2e837a1db44}</UniqueIdentifier>
    </Filter>
  </ItemGroup>
  <ItemGroup>
    <None Include="ReadMe.txt" />
    <None Include="..\..\..\..\..\..\..\..\..\..\..\..\..\tauon\sys\root\src\kernel\net\lwip\include\lwip\apps\FILES">
      <Filter>kernel\net\lwip\include\lwip\apps</Filter>
    </None>
    <None Include="..\..\..\..\..\..\..\..\..\..\..\..\..\tauon\sys\root\src\kernel\net\lwip\netif\FILES">
      <Filter>kernel\net\lwip\netif</Filter>
    </None>
  </ItemGroup>
  <ItemGroup>
    <ClCompile Include="..\..\..\src\kernel\net\lwip\core\snmp\msg_out.c">
      <Filter>kernel\net\lwip\core\snmp</Filter>
    </ClCompile>
    <ClCompile Include="..\..\..\src\kernel\net\lwip\core\snmp\asn1_dec.c">
      <Filter>kernel\net\lwip\core\snmp</Filter>
    </ClCompile>
    <ClCompile Include="..\..\..\src\kernel\net\lwip\core\snmp\asn1_enc.c">
      <Filter>kernel\net\lwip\core\snmp</Filter>
    </ClCompile>
    <ClCompile Include="..\..\..\src\kernel\net\lwip\core\snmp\mib2.c">
      <Filter>kernel\net\lwip\core\snmp</Filter>
    </ClCompile>
    <ClCompile Include="..\..\..\src\kernel\net\lwip\core\snmp\mib_structs.c">
      <Filter>kernel\net\lwip\core\snmp</Filter>
    </ClCompile>
    <ClCompile Include="..\..\..\src\kernel\net\lwip\core\snmp\msg_in.c">
      <Filter>kernel\net\lwip\core\snmp</Filter>
    </ClCompile>
    <ClCompile Include="..\..\..\src\kernel\net\lwip\ports\win32\sys_arch.c">
      <Filter>kernel\net\lwip\ports\win32</Filter>
    </ClCompile>
    <ClCompile Include="..\..\..\..\..\..\..\..\..\..\..\..\..\tauon\sys\root\src\kernel\net\lwip\core\ipv4\autoip.c">
      <Filter>kernel\net\lwip\core\ipv4</Filter>
    </ClCompile>
    <ClCompile Include="..\..\..\..\..\..\..\..\..\..\..\..\..\tauon\sys\root\src\kernel\net\lwip\core\ipv4\dhcp.c">
      <Filter>kernel\net\lwip\core\ipv4</Filter>
    </ClCompile>
    <ClCompile Include="..\..\..\..\..\..\..\..\..\..\..\..\..\tauon\sys\root\src\kernel\net\lwip\core\ipv4\etharp.c">
      <Filter>kernel\net\lwip\core\ipv4</Filter>
    </ClCompile>
    <ClCompile Include="..\..\..\..\..\..\..\..\..\..\..\..\..\tauon\sys\root\src\kernel\net\lwip\core\ipv4\icmp.c">
      <Filter>kernel\net\lwip\core\ipv4</Filter>
    </ClCompile>
    <ClCompile Include="..\..\..\..\..\..\..\..\..\..\..\..\..\tauon\sys\root\src\kernel\net\lwip\core\ipv4\igmp.c">
      <Filter>kernel\net\lwip\core\ipv4</Filter>
    </ClCompile>
    <ClCompile Include="..\..\..\..\..\..\..\..\..\..\..\..\..\tauon\sys\root\src\kernel\net\lwip\core\ipv4\ip4.c">
      <Filter>kernel\net\lwip\core\ipv4</Filter>
    </ClCompile>
    <ClCompile Include="..\..\..\..\..\..\..\..\..\..\..\..\..\tauon\sys\root\src\kernel\net\lwip\core\ipv4\ip4_addr.c">
      <Filter>kernel\net\lwip\core\ipv4</Filter>
    </ClCompile>
    <ClCompile Include="..\..\..\..\..\..\..\..\..\..\..\..\..\tauon\sys\root\src\kernel\net\lwip\core\ipv4\ip4_frag.c">
      <Filter>kernel\net\lwip\core\ipv4</Filter>
    </ClCompile>
    <ClCompile Include="..\..\..\..\..\..\..\..\..\..\..\..\..\tauon\sys\root\src\kernel\net\lwip\core\def.c">
      <Filter>kernel\net\lwip\core</Filter>
    </ClCompile>
    <ClCompile Include="..\..\..\..\..\..\..\..\..\..\..\..\..\tauon\sys\root\src\kernel\net\lwip\core\dns.c">
      <Filter>kernel\net\lwip\core</Filter>
    </ClCompile>
    <ClCompile Include="..\..\..\..\..\..\..\..\..\..\..\..\..\tauon\sys\root\src\kernel\net\lwip\core\inet_chksum.c">
      <Filter>kernel\net\lwip\core</Filter>
    </ClCompile>
    <ClCompile Include="..\..\..\..\..\..\..\..\..\..\..\..\..\tauon\sys\root\src\kernel\net\lwip\core\init.c">
      <Filter>kernel\net\lwip\core</Filter>
    </ClCompile>
    <ClCompile Include="..\..\..\..\..\..\..\..\..\..\..\..\..\tauon\sys\root\src\kernel\net\lwip\core\ip.c">
      <Filter>kernel\net\lwip\core</Filter>
    </ClCompile>
    <ClCompile Include="..\..\..\..\..\..\..\..\..\..\..\..\..\tauon\sys\root\src\kernel\net\lwip\core\mem.c">
      <Filter>kernel\net\lwip\core</Filter>
    </ClCompile>
    <ClCompile Include="..\..\..\..\..\..\..\..\..\..\..\..\..\tauon\sys\root\src\kernel\net\lwip\core\memp.c">
      <Filter>kernel\net\lwip\core</Filter>
    </ClCompile>
    <ClCompile Include="..\..\..\..\..\..\..\..\..\..\..\..\..\tauon\sys\root\src\kernel\net\lwip\core\netif.c">
      <Filter>kernel\net\lwip\core</Filter>
    </ClCompile>
    <ClCompile Include="..\..\..\..\..\..\..\..\..\..\..\..\..\tauon\sys\root\src\kernel\net\lwip\core\pbuf.c">
      <Filter>kernel\net\lwip\core</Filter>
    </ClCompile>
    <ClCompile Include="..\..\..\..\..\..\..\..\..\..\..\..\..\tauon\sys\root\src\kernel\net\lwip\core\raw.c">
      <Filter>kernel\net\lwip\core</Filter>
    </ClCompile>
    <ClCompile Include="..\..\..\..\..\..\..\..\..\..\..\..\..\tauon\sys\root\src\kernel\net\lwip\core\stats.c">
      <Filter>kernel\net\lwip\core</Filter>
    </ClCompile>
    <ClCompile Include="..\..\..\..\..\..\..\..\..\..\..\..\..\tauon\sys\root\src\kernel\net\lwip\core\sys.c">
      <Filter>kernel\net\lwip\core</Filter>
    </ClCompile>
    <ClCompile Include="..\..\..\..\..\..\..\..\..\..\..\..\..\tauon\sys\root\src\kernel\net\lwip\core\tcp.c">
      <Filter>kernel\net\lwip\core</Filter>
    </ClCompile>
    <ClCompile Include="..\..\..\..\..\..\..\..\..\..\..\..\..\tauon\sys\root\src\kernel\net\lwip\core\tcp_in.c">
      <Filter>kernel\net\lwip\core</Filter>
    </ClCompile>
    <ClCompile Include="..\..\..\..\..\..\..\..\..\..\..\..\..\tauon\sys\root\src\kernel\net\lwip\core\tcp_out.c">
      <Filter>kernel\net\lwip\core</Filter>
    </ClCompile>
    <ClCompile Include="..\..\..\..\..\..\..\..\..\..\..\..\..\tauon\sys\root\src\kernel\net\lwip\core\timeouts.c">
      <Filter>kernel\net\lwip\core</Filter>
    </ClCompile>
    <ClCompile Include="..\..\..\..\..\..\..\..\..\..\..\..\..\tauon\sys\root\src\kernel\net\lwip\core\udp.c">
      <Filter>kernel\net\lwip\core</Filter>
    </ClCompile>
    <ClCompile Include="..\..\..\..\..\..\..\..\..\..\..\..\..\tauon\sys\root\src\kernel\net\lwip\api\api_lib.c">
      <Filter>kernel\net\lwip\api</Filter>
    </ClCompile>
    <ClCompile Include="..\..\..\..\..\..\..\..\..\..\..\..\..\tauon\sys\root\src\kernel\net\lwip\api\api_msg.c">
      <Filter>kernel\net\lwip\api</Filter>
    </ClCompile>
    <ClCompile Include="..\..\..\..\..\..\..\..\..\..\..\..\..\tauon\sys\root\src\kernel\net\lwip\api\err.c">
      <Filter>kernel\net\lwip\api</Filter>
    </ClCompile>
    <ClCompile Include="..\..\..\..\..\..\..\..\..\..\..\..\..\tauon\sys\root\src\kernel\net\lwip\api\netbuf.c">
      <Filter>kernel\net\lwip\api</Filter>
    </ClCompile>
    <ClCompile Include="..\..\..\..\..\..\..\..\..\..\..\..\..\tauon\sys\root\src\kernel\net\lwip\api\netdb.c">
      <Filter>kernel\net\lwip\api</Filter>
    </ClCompile>
    <ClCompile Include="..\..\..\..\..\..\..\..\..\..\..\..\..\tauon\sys\root\src\kernel\net\lwip\api\netifapi.c">
      <Filter>kernel\net\lwip\api</Filter>
    </ClCompile>
    <ClCompile Include="..\..\..\..\..\..\..\..\..\..\..\..\..\tauon\sys\root\src\kernel\net\lwip\api\sockets.c">
      <Filter>kernel\net\lwip\api</Filter>
    </ClCompile>
    <ClCompile Include="..\..\..\..\..\..\..\..\..\..\..\..\..\tauon\sys\root\src\kernel\net\lwip\api\tcpip.c">
      <Filter>kernel\net\lwip\api</Filter>
    </ClCompile>
    <ClCompile Include="..\..\..\..\..\..\..\..\..\..\..\..\..\tauon\sys\root\src\kernel\net\lwip\netif\ethernet.c">
      <Filter>kernel\net\lwip\netif</Filter>
    </ClCompile>
    <ClCompile Include="..\..\..\..\..\..\..\..\..\..\..\..\..\tauon\sys\root\src\kernel\net\lwip\netif\ethernetif.c">
      <Filter>kernel\net\lwip\netif</Filter>
    </ClCompile>
    <ClCompile Include="..\..\..\..\..\..\..\..\..\..\..\..\..\tauon\sys\root\src\kernel\net\lwip\netif\lowpan6.c">
      <Filter>kernel\net\lwip\netif</Filter>
    </ClCompile>
    <ClCompile Include="..\..\..\..\..\..\..\..\..\..\..\..\..\tauon\sys\root\src\kernel\net\lwip\netif\slipif.c">
      <Filter>kernel\net\lwip\netif</Filter>
    </ClCompile>
  </ItemGroup>
  <ItemGroup>
    <ClInclude Include="..\..\..\src\kernel\net\lwip\ports\win32\lwipopts.h">
      <Filter>kernel\net\lwip\ports\win32</Filter>
    </ClInclude>
    <ClInclude Include="..\..\..\src\kernel\net\lwip\ports\win32\lwipopts_1.2.1.h">
      <Filter>kernel\net\lwip\ports\win32</Filter>
    </ClInclude>
    <ClInclude Include="..\..\..\src\kernel\net\lwip\ports\win32\include\arch\sys_arch.h">
      <Filter>kernel\net\lwip\ports\win32\include\arch</Filter>
    </ClInclude>
    <ClInclude Include="..\..\..\src\kernel\net\lwip\ports\win32\include\arch\bpstruct.h">
      <Filter>kernel\net\lwip\ports\win32\include\arch</Filter>
    </ClInclude>
    <ClInclude Include="..\..\..\src\kernel\net\lwip\ports\win32\include\arch\cc.h">
      <Filter>kernel\net\lwip\ports\win32\include\arch</Filter>
    </ClInclude>
    <ClInclude Include="..\..\..\src\kernel\net\lwip\ports\win32\include\arch\epstruct.h">
      <Filter>kernel\net\lwip\ports\win32\include\arch</Filter>
    </ClInclude>
    <ClInclude Include="..\..\..\src\kernel\net\lwip\ports\win32\include\arch\perf.h">
      <Filter>kernel\net\lwip\ports\win32\include\arch</Filter>
    </ClInclude>
    <ClInclude Include="..\..\..\..\..\..\..\..\..\..\..\..\..\tauon\sys\root\src\kernel\net\lwip\include\lwip\api.h">
      <Filter>kernel\net\lwip\include\lwip</Filter>
    </ClInclude>
    <ClInclude Include="..\..\..\..\..\..\..\..\..\..\..\..\..\tauon\sys\root\src\kernel\net\lwip\include\lwip\arch.h">
      <Filter>kernel\net\lwip\include\lwip</Filter>
    </ClInclude>
    <ClInclude Include="..\..\..\..\..\..\..\..\..\..\..\..\..\tauon\sys\root\src\kernel\net\lwip\include\lwip\autoip.h">
      <Filter>kernel\net\lwip\include\lwip</Filter>
    </ClInclude>
    <ClInclude Include="..\..\..\..\..\..\..\..\..\..\..\..\..\tauon\sys\root\src\kernel\net\lwip\include\lwip\debug.h">
      <Filter>kernel\net\lwip\include\lwip</Filter>
    </ClInclude>
    <ClInclude Include="..\..\..\..\..\..\..\..\..\..\..\..\..\tauon\sys\root\src\kernel\net\lwip\include\lwip\def.h">
      <Filter>kernel\net\lwip\include\lwip</Filter>
    </ClInclude>
    <ClInclude Include="..\..\..\..\..\..\..\..\..\..\..\..\..\tauon\sys\root\src\kernel\net\lwip\include\lwip\dhcp.h">
      <Filter>kernel\net\lwip\include\lwip</Filter>
    </ClInclude>
    <ClInclude Include="..\..\..\..\..\..\..\..\..\..\..\..\..\tauon\sys\root\src\kernel\net\lwip\include\lwip\dhcp6.h">
      <Filter>kernel\net\lwip\include\lwip</Filter>
    </ClInclude>
    <ClInclude Include="..\..\..\..\..\..\..\..\..\..\..\..\..\tauon\sys\root\src\kernel\net\lwip\include\lwip\dns.h">
      <Filter>kernel\net\lwip\include\lwip</Filter>
    </ClInclude>
    <ClInclude Include="..\..\..\..\..\..\..\..\..\..\..\..\..\tauon\sys\root\src\kernel\net\lwip\include\lwip\err.h">
      <Filter>kernel\net\lwip\include\lwip</Filter>
    </ClInclude>
    <ClInclude Include="..\..\..\..\..\..\..\..\..\..\..\..\..\tauon\sys\root\src\kernel\net\lwip\include\lwip\errno.h">
      <Filter>kernel\net\lwip\include\lwip</Filter>
    </ClInclude>
    <ClInclude Include="..\..\..\..\..\..\..\..\..\..\..\..\..\tauon\sys\root\src\kernel\net\lwip\include\lwip\etharp.h">
      <Filter>kernel\net\lwip\include\lwip</Filter>
    </ClInclude>
    <ClInclude Include="..\..\..\..\..\..\..\..\..\..\..\..\..\tauon\sys\root\src\kernel\net\lwip\include\lwip\ethip6.h">
      <Filter>kernel\net\lwip\include\lwip</Filter>
    </ClInclude>
    <ClInclude Include="..\..\..\..\..\..\..\..\..\..\..\..\..\tauon\sys\root\src\kernel\net\lwip\include\lwip\icmp.h">
      <Filter>kernel\net\lwip\include\lwip</Filter>
    </ClInclude>
    <ClInclude Include="..\..\..\..\..\..\..\..\..\..\..\..\..\tauon\sys\root\src\kernel\net\lwip\include\lwip\icmp6.h">
      <Filter>kernel\net\lwip\include\lwip</Filter>
    </ClInclude>
    <ClInclude Include="..\..\..\..\..\..\..\..\..\..\..\..\..\tauon\sys\root\src\kernel\net\lwip\include\lwip\igmp.h">
      <Filter>kernel\net\lwip\include\lwip</Filter>
    </ClInclude>
    <ClInclude Include="..\..\..\..\..\..\..\..\..\..\..\..\..\tauon\sys\root\src\kernel\net\lwip\include\lwip\inet.h">
      <Filter>kernel\net\lwip\include\lwip</Filter>
    </ClInclude>
    <ClInclude Include="..\..\..\..\..\..\..\..\..\..\..\..\..\tauon\sys\root\src\kernel\net\lwip\include\lwip\inet_chksum.h">
      <Filter>kernel\net\lwip\include\lwip</Filter>
    </ClInclude>
    <ClInclude Include="..\..\..\..\..\..\..\..\..\..\..\..\..\tauon\sys\root\src\kernel\net\lwip\include\lwip\init.h">
      <Filter>kernel\net\lwip\include\lwip</Filter>
    </ClInclude>
    <ClInclude Include="..\..\..\..\..\..\..\..\..\..\..\..\..\tauon\sys\root\src\kernel\net\lwip\include\lwip\ip.h">
      <Filter>kernel\net\lwip\include\lwip</Filter>
    </ClInclude>
    <ClInclude Include="..\..\..\..\..\..\..\..\..\..\..\..\..\tauon\sys\root\src\kernel\net\lwip\include\lwip\ip_addr.h">
      <Filter>kernel\net\lwip\include\lwip</Filter>
    </ClInclude>
    <ClInclude Include="..\..\..\..\..\..\..\..\..\..\..\..\..\tauon\sys\root\src\kernel\net\lwip\include\lwip\ip4.h">
      <Filter>kernel\net\lwip\include\lwip</Filter>
    </ClInclude>
    <ClInclude Include="..\..\..\..\..\..\..\..\..\..\..\..\..\tauon\sys\root\src\kernel\net\lwip\include\lwip\ip4_addr.h">
      <Filter>kernel\net\lwip\include\lwip</Filter>
    </ClInclude>
    <ClInclude Include="..\..\..\..\..\..\..\..\..\..\..\..\..\tauon\sys\root\src\kernel\net\lwip\include\lwip\ip4_frag.h">
      <Filter>kernel\net\lwip\include\lwip</Filter>
    </ClInclude>
    <ClInclude Include="..\..\..\..\..\..\..\..\..\..\..\..\..\tauon\sys\root\src\kernel\net\lwip\include\lwip\ip6.h">
      <Filter>kernel\net\lwip\include\lwip</Filter>
    </ClInclude>
    <ClInclude Include="..\..\..\..\..\..\..\..\..\..\..\..\..\tauon\sys\root\src\kernel\net\lwip\include\lwip\ip6_addr.h">
      <Filter>kernel\net\lwip\include\lwip</Filter>
    </ClInclude>
    <ClInclude Include="..\..\..\..\..\..\..\..\..\..\..\..\..\tauon\sys\root\src\kernel\net\lwip\include\lwip\ip6_frag.h">
      <Filter>kernel\net\lwip\include\lwip</Filter>
    </ClInclude>
    <ClInclude Include="..\..\..\..\..\..\..\..\..\..\..\..\..\tauon\sys\root\src\kernel\net\lwip\include\lwip\mem.h">
      <Filter>kernel\net\lwip\include\lwip</Filter>
    </ClInclude>
    <ClInclude Include="..\..\..\..\..\..\..\..\..\..\..\..\..\tauon\sys\root\src\kernel\net\lwip\include\lwip\memp.h">
      <Filter>kernel\net\lwip\include\lwip</Filter>
    </ClInclude>
    <ClInclude Include="..\..\..\..\..\..\..\..\..\..\..\..\..\tauon\sys\root\src\kernel\net\lwip\include\lwip\mld6.h">
      <Filter>kernel\net\lwip\include\lwip</Filter>
    </ClInclude>
    <ClInclude Include="..\..\..\..\..\..\..\..\..\..\..\..\..\tauon\sys\root\src\kernel\net\lwip\include\lwip\nd6.h">
      <Filter>kernel\net\lwip\include\lwip</Filter>
    </ClInclude>
    <ClInclude Include="..\..\..\..\..\..\..\..\..\..\..\..\..\tauon\sys\root\src\kernel\net\lwip\include\lwip\netbuf.h">
      <Filter>kernel\net\lwip\include\lwip</Filter>
    </ClInclude>
    <ClInclude Include="..\..\..\..\..\..\..\..\..\..\..\..\..\tauon\sys\root\src\kernel\net\lwip\include\lwip\netdb.h">
      <Filter>kernel\net\lwip\include\lwip</Filter>
    </ClInclude>
    <ClInclude Include="..\..\..\..\..\..\..\..\..\..\..\..\..\tauon\sys\root\src\kernel\net\lwip\include\lwip\netif.h">
      <Filter>kernel\net\lwip\include\lwip</Filter>
    </ClInclude>
    <ClInclude Include="..\..\..\..\..\..\..\..\..\..\..\..\..\tauon\sys\root\src\kernel\net\lwip\include\lwip\netifapi.h">
      <Filter>kernel\net\lwip\include\lwip</Filter>
    </ClInclude>
    <ClInclude Include="..\..\..\..\..\..\..\..\..\..\..\..\..\tauon\sys\root\src\kernel\net\lwip\include\lwip\opt.h">
      <Filter>kernel\net\lwip\include\lwip</Filter>
    </ClInclude>
    <ClInclude Include="..\..\..\..\..\..\..\..\..\..\..\..\..\tauon\sys\root\src\kernel\net\lwip\include\lwip\pbuf.h">
      <Filter>kernel\net\lwip\include\lwip</Filter>
    </ClInclude>
    <ClInclude Include="..\..\..\..\..\..\..\..\..\..\..\..\..\tauon\sys\root\src\kernel\net\lwip\include\lwip\raw.h">
      <Filter>kernel\net\lwip\include\lwip</Filter>
    </ClInclude>
    <ClInclude Include="..\..\..\..\..\..\..\..\..\..\..\..\..\tauon\sys\root\src\kernel\net\lwip\include\lwip\sio.h">
      <Filter>kernel\net\lwip\include\lwip</Filter>
    </ClInclude>
    <ClInclude Include="..\..\..\..\..\..\..\..\..\..\..\..\..\tauon\sys\root\src\kernel\net\lwip\include\lwip\snmp.h">
      <Filter>kernel\net\lwip\include\lwip</Filter>
    </ClInclude>
    <ClInclude Include="..\..\..\..\..\..\..\..\..\..\..\..\..\tauon\sys\root\src\kernel\net\lwip\include\lwip\sockets.h">
      <Filter>kernel\net\lwip\include\lwip</Filter>
    </ClInclude>
    <ClInclude Include="..\..\..\..\..\..\..\..\..\..\..\..\..\tauon\sys\root\src\kernel\net\lwip\include\lwip\stats.h">
      <Filter>kernel\net\lwip\include\lwip</Filter>
    </ClInclude>
    <ClInclude Include="..\..\..\..\..\..\..\..\..\..\..\..\..\tauon\sys\root\src\kernel\net\lwip\include\lwip\sys.h">
      <Filter>kernel\net\lwip\include\lwip</Filter>
    </ClInclude>
    <ClInclude Include="..\..\..\..\..\..\..\..\..\..\..\..\..\tauon\sys\root\src\kernel\net\lwip\include\lwip\tcp.h">
      <Filter>kernel\net\lwip\include\lwip</Filter>
    </ClInclude>
    <ClInclude Include="..\..\..\..\..\..\..\..\..\..\..\..\..\tauon\sys\root\src\kernel\net\lwip\include\lwip\tcpip.h">
      <Filter>kernel\net\lwip\include\lwip</Filter>
    </ClInclude>
    <ClInclude Include="..\..\..\..\..\..\..\..\..\..\..\..\..\tauon\sys\root\src\kernel\net\lwip\include\lwip\timeouts.h">
      <Filter>kernel\net\lwip\include\lwip</Filter>
    </ClInclude>
    <ClInclude Include="..\..\..\..\..\..\..\..\..\..\..\..\..\tauon\sys\root\src\kernel\net\lwip\include\lwip\udp.h">
      <Filter>kernel\net\lwip\include\lwip</Filter>
    </ClInclude>
    <ClInclude Include="..\..\..\..\..\..\..\..\..\..\..\..\..\tauon\sys\root\src\kernel\net\lwip\include\lwip\apps\fs.h">
      <Filter>kernel\net\lwip\include\lwip\apps</Filter>
    </ClInclude>
    <ClInclude Include="..\..\..\..\..\..\..\..\..\..\..\..\..\tauon\sys\root\src\kernel\net\lwip\include\lwip\apps\httpd.h">
      <Filter>kernel\net\lwip\include\lwip\apps</Filter>
    </ClInclude>
    <ClInclude Include="..\..\..\..\..\..\..\..\..\..\..\..\..\tauon\sys\root\src\kernel\net\lwip\include\lwip\apps\httpd_opts.h">
      <Filter>kernel\net\lwip\include\lwip\apps</Filter>
    </ClInclude>
    <ClInclude Include="..\..\..\..\..\..\..\..\..\..\..\..\..\tauon\sys\root\src\kernel\net\lwip\include\lwip\apps\lwiperf.h">
      <Filter>kernel\net\lwip\include\lwip\apps</Filter>
    </ClInclude>
    <ClInclude Include="..\..\..\..\..\..\..\..\..\..\..\..\..\tauon\sys\root\src\kernel\net\lwip\include\lwip\apps\mdns.h">
      <Filter>kernel\net\lwip\include\lwip\apps</Filter>
    </ClInclude>
    <ClInclude Include="..\..\..\..\..\..\..\..\..\..\..\..\..\tauon\sys\root\src\kernel\net\lwip\include\lwip\apps\mdns_opts.h">
      <Filter>kernel\net\lwip\include\lwip\apps</Filter>
    </ClInclude>
    <ClInclude Include="..\..\..\..\..\..\..\..\..\..\..\..\..\tauon\sys\root\src\kernel\net\lwip\include\lwip\apps\mdns_priv.h">
      <Filter>kernel\net\lwip\include\lwip\apps</Filter>
    </ClInclude>
    <ClInclude Include="..\..\..\..\..\..\..\..\..\..\..\..\..\tauon\sys\root\src\kernel\net\lwip\include\lwip\apps\mqtt.h">
      <Filter>kernel\net\lwip\include\lwip\apps</Filter>
    </ClInclude>
    <ClInclude Include="..\..\..\..\..\..\..\..\..\..\..\..\..\tauon\sys\root\src\kernel\net\lwip\include\lwip\apps\mqtt_opts.h">
      <Filter>kernel\net\lwip\include\lwip\apps</Filter>
    </ClInclude>
    <ClInclude Include="..\..\..\..\..\..\..\..\..\..\..\..\..\tauon\sys\root\src\kernel\net\lwip\include\lwip\apps\netbiosns.h">
      <Filter>kernel\net\lwip\include\lwip\apps</Filter>
    </ClInclude>
    <ClInclude Include="..\..\..\..\..\..\..\..\..\..\..\..\..\tauon\sys\root\src\kernel\net\lwip\include\lwip\apps\netbiosns_opts.h">
      <Filter>kernel\net\lwip\include\lwip\apps</Filter>
    </ClInclude>
    <ClInclude Include="..\..\..\..\..\..\..\..\..\..\..\..\..\tauon\sys\root\src\kernel\net\lwip\include\lwip\apps\snmp.h">
      <Filter>kernel\net\lwip\include\lwip\apps</Filter>
    </ClInclude>
    <ClInclude Include="..\..\..\..\..\..\..\..\..\..\..\..\..\tauon\sys\root\src\kernel\net\lwip\include\lwip\apps\snmp_core.h">
      <Filter>kernel\net\lwip\include\lwip\apps</Filter>
    </ClInclude>
    <ClInclude Include="..\..\..\..\..\..\..\..\..\..\..\..\..\tauon\sys\root\src\kernel\net\lwip\include\lwip\apps\snmp_mib2.h">
      <Filter>kernel\net\lwip\include\lwip\apps</Filter>
    </ClInclude>
    <ClInclude Include="..\..\..\..\..\..\..\..\..\..\..\..\..\tauon\sys\root\src\kernel\net\lwip\include\lwip\apps\snmp_opts.h">
      <Filter>kernel\net\lwip\include\lwip\apps</Filter>
    </ClInclude>
    <ClInclude Include="..\..\..\..\..\..\..\..\..\..\..\..\..\tauon\sys\root\src\kernel\net\lwip\include\lwip\apps\snmp_scalar.h">
      <Filter>kernel\net\lwip\include\lwip\apps</Filter>
    </ClInclude>
    <ClInclude Include="..\..\..\..\..\..\..\..\..\..\..\..\..\tauon\sys\root\src\kernel\net\lwip\include\lwip\apps\snmp_table.h">
      <Filter>kernel\net\lwip\include\lwip\apps</Filter>
    </ClInclude>
    <ClInclude Include="..\..\..\..\..\..\..\..\..\..\..\..\..\tauon\sys\root\src\kernel\net\lwip\include\lwip\apps\snmp_threadsync.h">
      <Filter>kernel\net\lwip\include\lwip\apps</Filter>
    </ClInclude>
    <ClInclude Include="..\..\..\..\..\..\..\..\..\..\..\..\..\tauon\sys\root\src\kernel\net\lwip\include\lwip\apps\snmpv3.h">
      <Filter>kernel\net\lwip\include\lwip\apps</Filter>
    </ClInclude>
    <ClInclude Include="..\..\..\..\..\..\..\..\..\..\..\..\..\tauon\sys\root\src\kernel\net\lwip\include\lwip\apps\sntp.h">
      <Filter>kernel\net\lwip\include\lwip\apps</Filter>
    </ClInclude>
    <ClInclude Include="..\..\..\..\..\..\..\..\..\..\..\..\..\tauon\sys\root\src\kernel\net\lwip\include\lwip\apps\sntp_opts.h">
      <Filter>kernel\net\lwip\include\lwip\apps</Filter>
    </ClInclude>
    <ClInclude Include="..\..\..\..\..\..\..\..\..\..\..\..\..\tauon\sys\root\src\kernel\net\lwip\include\lwip\apps\tftp_opts.h">
      <Filter>kernel\net\lwip\include\lwip\apps</Filter>
    </ClInclude>
    <ClInclude Include="..\..\..\..\..\..\..\..\..\..\..\..\..\tauon\sys\root\src\kernel\net\lwip\include\lwip\apps\tftp_server.h">
      <Filter>kernel\net\lwip\include\lwip\apps</Filter>
    </ClInclude>
    <ClInclude Include="..\..\..\..\..\..\..\..\..\..\..\..\..\tauon\sys\root\src\kernel\net\lwip\include\lwip\prot\autoip.h">
      <Filter>kernel\net\lwip\include\lwip\prot</Filter>
    </ClInclude>
    <ClInclude Include="..\..\..\..\..\..\..\..\..\..\..\..\..\tauon\sys\root\src\kernel\net\lwip\include\lwip\prot\dhcp.h">
      <Filter>kernel\net\lwip\include\lwip\prot</Filter>
    </ClInclude>
    <ClInclude Include="..\..\..\..\..\..\..\..\..\..\..\..\..\tauon\sys\root\src\kernel\net\lwip\include\lwip\prot\dns.h">
      <Filter>kernel\net\lwip\include\lwip\prot</Filter>
    </ClInclude>
    <ClInclude Include="..\..\..\..\..\..\..\..\..\..\..\..\..\tauon\sys\root\src\kernel\net\lwip\include\lwip\prot\etharp.h">
      <Filter>kernel\net\lwip\include\lwip\prot</Filter>
    </ClInclude>
    <ClInclude Include="..\..\..\..\..\..\..\..\..\..\..\..\..\tauon\sys\root\src\kernel\net\lwip\include\lwip\prot\ethernet.h">
      <Filter>kernel\net\lwip\include\lwip\prot</Filter>
    </ClInclude>
    <ClInclude Include="..\..\..\..\..\..\..\..\..\..\..\..\..\tauon\sys\root\src\kernel\net\lwip\include\lwip\prot\icmp.h">
      <Filter>kernel\net\lwip\include\lwip\prot</Filter>
    </ClInclude>
    <ClInclude Include="..\..\..\..\..\..\..\..\..\..\..\..\..\tauon\sys\root\src\kernel\net\lwip\include\lwip\prot\icmp6.h">
      <Filter>kernel\net\lwip\include\lwip\prot</Filter>
    </ClInclude>
    <ClInclude Include="..\..\..\..\..\..\..\..\..\..\..\..\..\tauon\sys\root\src\kernel\net\lwip\include\lwip\prot\igmp.h">
      <Filter>kernel\net\lwip\include\lwip\prot</Filter>
    </ClInclude>
    <ClInclude Include="..\..\..\..\..\..\..\..\..\..\..\..\..\tauon\sys\root\src\kernel\net\lwip\include\lwip\prot\ip.h">
      <Filter>kernel\net\lwip\include\lwip\prot</Filter>
    </ClInclude>
    <ClInclude Include="..\..\..\..\..\..\..\..\..\..\..\..\..\tauon\sys\root\src\kernel\net\lwip\include\lwip\prot\ip4.h">
      <Filter>kernel\net\lwip\include\lwip\prot</Filter>
    </ClInclude>
    <ClInclude Include="..\..\..\..\..\..\..\..\..\..\..\..\..\tauon\sys\root\src\kernel\net\lwip\include\lwip\prot\ip6.h">
      <Filter>kernel\net\lwip\include\lwip\prot</Filter>
    </ClInclude>
    <ClInclude Include="..\..\..\..\..\..\..\..\..\..\..\..\..\tauon\sys\root\src\kernel\net\lwip\include\lwip\prot\mld6.h">
      <Filter>kernel\net\lwip\include\lwip\prot</Filter>
    </ClInclude>
    <ClInclude Include="..\..\..\..\..\..\..\..\..\..\..\..\..\tauon\sys\root\src\kernel\net\lwip\include\lwip\prot\nd6.h">
      <Filter>kernel\net\lwip\include\lwip\prot</Filter>
    </ClInclude>
    <ClInclude Include="..\..\..\..\..\..\..\..\..\..\..\..\..\tauon\sys\root\src\kernel\net\lwip\include\lwip\prot\tcp.h">
      <Filter>kernel\net\lwip\include\lwip\prot</Filter>
    </ClInclude>
    <ClInclude Include="..\..\..\..\..\..\..\..\..\..\..\..\..\tauon\sys\root\src\kernel\net\lwip\include\lwip\prot\udp.h">
      <Filter>kernel\net\lwip\include\lwip\prot</Filter>
    </ClInclude>
    <ClInclude Include="..\..\..\..\..\..\..\..\..\..\..\..\..\tauon\sys\root\src\kernel\net\lwip\include\lwip\priv\api_msg.h">
      <Filter>kernel\net\lwip\include\lwip\priv</Filter>
    </ClInclude>
    <ClInclude Include="..\..\..\..\..\..\..\..\..\..\..\..\..\tauon\sys\root\src\kernel\net\lwip\include\lwip\priv\memp_priv.h">
      <Filter>kernel\net\lwip\include\lwip\priv</Filter>
    </ClInclude>
    <ClInclude Include="..\..\..\..\..\..\..\..\..\..\..\..\..\tauon\sys\root\src\kernel\net\lwip\include\lwip\priv\memp_std.h">
      <Filter>kernel\net\lwip\include\lwip\priv</Filter>
    </ClInclude>
    <ClInclude Include="..\..\..\..\..\..\..\..\..\..\..\..\..\tauon\sys\root\src\kernel\net\lwip\include\lwip\priv\nd6_priv.h">
      <Filter>kernel\net\lwip\include\lwip\priv</Filter>
    </ClInclude>
    <ClInclude Include="..\..\..\..\..\..\..\..\..\..\..\..\..\tauon\sys\root\src\kernel\net\lwip\include\lwip\priv\tcp_priv.h">
      <Filter>kernel\net\lwip\include\lwip\priv</Filter>
    </ClInclude>
    <ClInclude Include="..\..\..\..\..\..\..\..\..\..\..\..\..\tauon\sys\root\src\kernel\net\lwip\include\lwip\priv\tcpip_priv.h">
      <Filter>kernel\net\lwip\include\lwip\priv</Filter>
    </ClInclude>
    <ClInclude Include="..\..\..\..\..\..\..\..\..\..\..\..\..\tauon\sys\root\src\kernel\net\lwip\include\netif\etharp.h">
      <Filter>kernel\net\lwip\include\netif</Filter>
    </ClInclude>
    <ClInclude Include="..\..\..\..\..\..\..\..\..\..\..\..\..\tauon\sys\root\src\kernel\net\lwip\include\netif\ethernet.h">
      <Filter>kernel\net\lwip\include\netif</Filter>
    </ClInclude>
    <ClInclude Include="..\..\..\..\..\..\..\..\..\..\..\..\..\tauon\sys\root\src\kernel\net\lwip\include\netif\lowpan6.h">
      <Filter>kernel\net\lwip\include\netif</Filter>
    </ClInclude>
    <ClInclude Include="..\..\..\..\..\..\..\..\..\..\..\..\..\tauon\sys\root\src\kernel\net\lwip\include\netif\lowpan6_opts.h">
      <Filter>kernel\net\lwip\include\netif</Filter>
    </ClInclude>
    <ClInclude Include="..\..\..\..\..\..\..\..\..\..\..\..\..\tauon\sys\root\src\kernel\net\lwip\include\netif\slipif.h">
      <Filter>kernel\net\lwip\include\netif</Filter>
    </ClInclude>
    <ClInclude Include="..\..\..\..\..\..\..\..\..\..\..\..\..\tauon\sys\root\src\kernel\net\lwip\include\netif\ppp\ccp.h">
      <Filter>kernel\net\lwip\include\netif\ppp</Filter>
    </ClInclude>
    <ClInclude Include="..\..\..\..\..\..\..\..\..\..\..\..\..\tauon\sys\root\src\kernel\net\lwip\include\netif\ppp\chap_ms.h">
      <Filter>kernel\net\lwip\include\netif\ppp</Filter>
    </ClInclude>
    <ClInclude Include="..\..\..\..\..\..\..\..\..\..\..\..\..\tauon\sys\root\src\kernel\net\lwip\include\netif\ppp\chap-md5.h">
      <Filter>kernel\net\lwip\include\netif\ppp</Filter>
    </ClInclude>
    <ClInclude Include="..\..\..\..\..\..\..\..\..\..\..\..\..\tauon\sys\root\src\kernel\net\lwip\include\netif\ppp\chap-new.h">
      <Filter>kernel\net\lwip\include\netif\ppp</Filter>
    </ClInclude>
    <ClInclude Include="..\..\..\..\..\..\..\..\..\..\..\..\..\tauon\sys\root\src\kernel\net\lwip\include\netif\ppp\eap.h">
      <Filter>kernel\net\lwip\include\netif\ppp</Filter>
    </ClInclude>
    <ClInclude Include="..\..\..\..\..\..\..\..\..\..\..\..\..\tauon\sys\root\src\kernel\net\lwip\include\netif\ppp\ecp.h">
      <Filter>kernel\net\lwip\include\netif\ppp</Filter>
    </ClInclude>
    <ClInclude Include="..\..\..\..\..\..\..\..\..\..\..\..\..\tauon\sys\root\src\kernel\net\lwip\include\netif\ppp\eui64.h">
      <Filter>kernel\net\lwip\include\netif\ppp</Filter>
    </ClInclude>
    <ClInclude Include="..\..\..\..\..\..\..\..\..\..\..\..\..\tauon\sys\root\src\kernel\net\lwip\include\netif\ppp\fsm.h">
      <Filter>kernel\net\lwip\include\netif\ppp</Filter>
    </ClInclude>
    <ClInclude Include="..\..\..\..\..\..\..\..\..\..\..\..\..\tauon\sys\root\src\kernel\net\lwip\include\netif\ppp\ipcp.h">
      <Filter>kernel\net\lwip\include\netif\ppp</Filter>
    </ClInclude>
    <ClInclude Include="..\..\..\..\..\..\..\..\..\..\..\..\..\tauon\sys\root\src\kernel\net\lwip\include\netif\ppp\ipv6cp.h">
      <Filter>kernel\net\lwip\include\netif\ppp</Filter>
    </ClInclude>
    <ClInclude Include="..\..\..\..\..\..\..\..\..\..\..\..\..\tauon\sys\root\src\kernel\net\lwip\include\netif\ppp\lcp.h">
      <Filter>kernel\net\lwip\include\netif\ppp</Filter>
    </ClInclude>
    <ClInclude Include="..\..\..\..\..\..\..\..\..\..\..\..\..\tauon\sys\root\src\kernel\net\lwip\include\netif\ppp\magic.h">
      <Filter>kernel\net\lwip\include\netif\ppp</Filter>
    </ClInclude>
    <ClInclude Include="..\..\..\..\..\..\..\..\..\..\..\..\..\tauon\sys\root\src\kernel\net\lwip\include\netif\ppp\mppe.h">
      <Filter>kernel\net\lwip\include\netif\ppp</Filter>
    </ClInclude>
    <ClInclude Include="..\..\..\..\..\..\..\..\..\..\..\..\..\tauon\sys\root\src\kernel\net\lwip\include\netif\ppp\ppp.h">
      <Filter>kernel\net\lwip\include\netif\ppp</Filter>
    </ClInclude>
    <ClInclude Include="..\..\..\..\..\..\..\..\..\..\..\..\..\tauon\sys\root\src\kernel\net\lwip\include\netif\ppp\ppp_impl.h">
      <Filter>kernel\net\lwip\include\netif\ppp</Filter>
    </ClInclude>
    <ClInclude Include="..\..\..\..\..\..\..\..\..\..\..\..\..\tauon\sys\root\src\kernel\net\lwip\include\netif\ppp\ppp_opts.h">
      <Filter>kernel\net\lwip\include\netif\ppp</Filter>
    </ClInclude>
    <ClInclude Include="..\..\..\..\..\..\..\..\..\..\..\..\..\tauon\sys\root\src\kernel\net\lwip\include\netif\ppp\pppapi.h">
      <Filter>kernel\net\lwip\include\netif\ppp</Filter>
    </ClInclude>
    <ClInclude Include="..\..\..\..\..\..\..\..\..\..\..\..\..\tauon\sys\root\src\kernel\net\lwip\include\netif\ppp\pppcrypt.h">
      <Filter>kernel\net\lwip\include\netif\ppp</Filter>
    </ClInclude>
    <ClInclude Include="..\..\..\..\..\..\..\..\..\..\..\..\..\tauon\sys\root\src\kernel\net\lwip\include\netif\ppp\pppdebug.h">
      <Filter>kernel\net\lwip\include\netif\ppp</Filter>
    </ClInclude>
    <ClInclude Include="..\..\..\..\..\..\..\..\..\..\..\..\..\tauon\sys\root\src\kernel\net\lwip\include\netif\ppp\pppoe.h">
      <Filter>kernel\net\lwip\include\netif\ppp</Filter>
    </ClInclude>
    <ClInclude Include="..\..\..\..\..\..\..\..\..\..\..\..\..\tauon\sys\root\src\kernel\net\lwip\include\netif\ppp\pppol2tp.h">
      <Filter>kernel\net\lwip\include\netif\ppp</Filter>
    </ClInclude>
    <ClInclude Include="..\..\..\..\..\..\..\..\..\..\..\..\..\tauon\sys\root\src\kernel\net\lwip\include\netif\ppp\pppos.h">
      <Filter>kernel\net\lwip\include\netif\ppp</Filter>
    </ClInclude>
    <ClInclude Include="..\..\..\..\..\..\..\..\..\..\..\..\..\tauon\sys\root\src\kernel\net\lwip\include\netif\ppp\upap.h">
      <Filter>kernel\net\lwip\include\netif\ppp</Filter>
    </ClInclude>
    <ClInclude Include="..\..\..\..\..\..\..\..\..\..\..\..\..\tauon\sys\root\src\kernel\net\lwip\include\netif\ppp\vj.h">
      <Filter>kernel\net\lwip\include\netif\ppp</Filter>
    </ClInclude>
    <ClInclude Include="..\..\..\..\..\..\..\..\..\..\..\..\..\tauon\sys\root\src\kernel\net\lwip\include\netif\ppp\polarssl\arc4.h">
      <Filter>kernel\net\lwip\include\netif\ppp\polarssl</Filter>
    </ClInclude>
    <ClInclude Include="..\..\..\..\..\..\..\..\..\..\..\..\..\tauon\sys\root\src\kernel\net\lwip\include\netif\ppp\polarssl\des.h">
      <Filter>kernel\net\lwip\include\netif\ppp\polarssl</Filter>
    </ClInclude>
    <ClInclude Include="..\..\..\..\..\..\..\..\..\..\..\..\..\tauon\sys\root\src\kernel\net\lwip\include\netif\ppp\polarssl\md4.h">
      <Filter>kernel\net\lwip\include\netif\ppp\polarssl</Filter>
    </ClInclude>
    <ClInclude Include="..\..\..\..\..\..\..\..\..\..\..\..\..\tauon\sys\root\src\kernel\net\lwip\include\netif\ppp\polarssl\md5.h">
      <Filter>kernel\net\lwip\include\netif\ppp\polarssl</Filter>
    </ClInclude>
    <ClInclude Include="..\..\..\..\..\..\..\..\..\..\..\..\..\tauon\sys\root\src\kernel\net\lwip\include\netif\ppp\polarssl\sha1.h">
      <Filter>kernel\net\lwip\include\netif\ppp\polarssl</Filter>
    </ClInclude>
  </ItemGroup>
</Project>